PODS:
  - Alamofire (5.4.3)
  - AlamofireNetworkActivityLogger (3.4.0):
    - Alamofire (~> 5.4.0)

DEPENDENCIES:
  - Alamofire (~> 5.2)
  - AlamofireNetworkActivityLogger

SPEC REPOS:
  trunk:
    - Alamofire
    - AlamofireNetworkActivityLogger

SPEC CHECKSUMS:
  Alamofire: e447a2774a40c996748296fa2c55112fdbbc42f9
  AlamofireNetworkActivityLogger: 162ab8aee00e6267a4304d7cc134e13ccfe3bcc5

PODFILE CHECKSUM: fa53b56c906c0f5079e97623caf504d90b4ab3a8

COCOAPODS: 1.10.1
